
Microsoft Visual Studio Solution File, Format Version 12.00
# Visual Studio Version 17
VisualStudioVersion = 17.0.31903.59
MinimumVisualStudioVersion = 10.0.40219.1
Project("{2150E333-8FDC-42A3-9474-1A3956D46DE8}") = "src", "src", "{A7BC4349-D01C-4C9B-9C7C-3D49ED70D4F2}"
EndProject
Project("{FAE04EC0-301F-11D3-BF4B-00C04F79EFBC}") = "FinanceManagement.Domain", "src\FinanceManagement.Domain\FinanceManagement.Domain.csproj", "{BFF412B2-697D-4233-91F4-093FD690F6BE}"
EndProject
Project("{FAE04EC0-301F-11D3-BF4B-00C04F79EFBC}") = "FinanceManagement.Application", "src\FinanceManagement.Application\FinanceManagement.Application.csproj", "{080B6148-5FC5-4343-A918-8FDDCF212460}"
EndProject
Project("{FAE04EC0-301F-11D3-BF4B-00C04F79EFBC}") = "FinanceManagement.Infrastructure", "src\FinanceManagement.Infrastructure\FinanceManagement.Infrastructure.csproj", "{DDDF34FD-686C-4596-9756-8A9F3E57500C}"
EndProject
Project("{FAE04EC0-301F-11D3-BF4B-00C04F79EFBC}") = "FinanceManagement.API", "src\FinanceManagement.API\FinanceManagement.API.csproj", "{F874D6FA-AEBB-4D20-88B5-C75C029F5D37}"
EndProject
Global
	GlobalSection(SolutionConfigurationPlatforms) = preSolution
		Debug|Any CPU = Debug|Any CPU
		Release|Any CPU = Release|Any CPU
	EndGlobalSection
	GlobalSection(SolutionProperties) = preSolution
		HideSolutionNode = FALSE
	EndGlobalSection
	GlobalSection(ProjectConfigurationPlatforms) = postSolution
		{BFF412B2-697D-4233-91F4-093FD690F6BE}.Debug|Any CPU.ActiveCfg = Debug|Any CPU
		{BFF412B2-697D-4233-91F4-093FD690F6BE}.Debug|Any CPU.Build.0 = Debug|Any CPU
		{BFF412B2-697D-4233-91F4-093FD690F6BE}.Release|Any CPU.ActiveCfg = Release|Any CPU
		{BFF412B2-697D-4233-91F4-093FD690F6BE}.Release|Any CPU.Build.0 = Release|Any CPU
		{080B6148-5FC5-4343-A918-8FDDCF212460}.Debug|Any CPU.ActiveCfg = Debug|Any CPU
		{080B6148-5FC5-4343-A918-8FDDCF212460}.Debug|Any CPU.Build.0 = Debug|Any CPU
		{080B6148-5FC5-4343-A918-8FDDCF212460}.Release|Any CPU.ActiveCfg = Release|Any CPU
		{080B6148-5FC5-4343-A918-8FDDCF212460}.Release|Any CPU.Build.0 = Release|Any CPU
		{DDDF34FD-686C-4596-9756-8A9F3E57500C}.Debug|Any CPU.ActiveCfg = Debug|Any CPU
		{DDDF34FD-686C-4596-9756-8A9F3E57500C}.Debug|Any CPU.Build.0 = Debug|Any CPU
		{DDDF34FD-686C-4596-9756-8A9F3E57500C}.Release|Any CPU.ActiveCfg = Release|Any CPU
		{DDDF34FD-686C-4596-9756-8A9F3E57500C}.Release|Any CPU.Build.0 = Release|Any CPU
		{F874D6FA-AEBB-4D20-88B5-C75C029F5D37}.Debug|Any CPU.ActiveCfg = Debug|Any CPU
		{F874D6FA-AEBB-4D20-88B5-C75C029F5D37}.Debug|Any CPU.Build.0 = Debug|Any CPU
		{F874D6FA-AEBB-4D20-88B5-C75C029F5D37}.Release|Any CPU.ActiveCfg = Release|Any CPU
		{F874D6FA-AEBB-4D20-88B5-C75C029F5D37}.Release|Any CPU.Build.0 = Release|Any CPU
	EndGlobalSection
	GlobalSection(NestedProjects) = preSolution
		{BFF412B2-697D-4233-91F4-093FD690F6BE} = {A7BC4349-D01C-4C9B-9C7C-3D49ED70D4F2}
		{080B6148-5FC5-4343-A918-8FDDCF212460} = {A7BC4349-D01C-4C9B-9C7C-3D49ED70D4F2}
		{DDDF34FD-686C-4596-9756-8A9F3E57500C} = {A7BC4349-D01C-4C9B-9C7C-3D49ED70D4F2}
		{F874D6FA-AEBB-4D20-88B5-C75C029F5D37} = {A7BC4349-D01C-4C9B-9C7C-3D49ED70D4F2}
	EndGlobalSection
EndGlobal
